
Microsoft Visual Studio Solution File, Format Version 12.00
# Visual Studio Version 16
VisualStudioVersion = 16.0.29326.143
MinimumVisualStudioVersion = 10.0.40219.1
Project("{FAE04EC0-301F-11D3-BF4B-00C04F79EFBC}") = "IteratorPattern", "IteratorPattern.csproj", "{E098C9EB-75F7-42DA-8F04-BFB8E1762C96}"
EndProject
Global
	GlobalSection(SolutionConfigurationPlatforms) = preSolution
		Debug|Any CPU = Debug|Any CPU
		Release|Any CPU = Release|Any CPU
	EndGlobalSection
	GlobalSection(ProjectConfigurationPlatforms) = postSolution
		{E098C9EB-75F7-42DA-8F04-BFB8E1762C96}.Debug|Any CPU.ActiveCfg = Debug|Any CPU
		{E098C9EB-75F7-42DA-8F04-BFB8E1762C96}.Debug|Any CPU.Build.0 = Debug|Any CPU
		{E098C9EB-75F7-42DA-8F04-BFB8E1762C96}.Release|Any CPU.ActiveCfg = Release|Any CPU
		{E098C9EB-75F7-42DA-8F04-BFB8E1762C96}.Release|Any CPU.Build.0 = Release|Any CPU
	EndGlobalSection
	GlobalSection(SolutionProperties) = preSolution
		HideSolutionNode = FALSE
	EndGlobalSection
	GlobalSection(ExtensibilityGlobals) = postSolution
		SolutionGuid = {A28BB1B0-E4CE-481D-A4A3-7AE10ED6BE0E}
	EndGlobalSection
EndGlobal
